
Microsoft Visual Studio Solution File, Format Version 12.00
# Visual Studio Version 17
VisualStudioVersion = 17.3.32929.385
MinimumVisualStudioVersion = 10.0.40219.1
Project("{FAE04EC0-301F-11D3-BF4B-00C04F79EFBC}") = "GuessMyCard", "GuessMyCard.csproj", "{07424157-2F3B-4AEE-B1BE-C3864925BE3C}"
EndProject
Global
	GlobalSection(SolutionConfigurationPlatforms) = preSolution
		Debug|Any CPU = Debug|Any CPU
		Release|Any CPU = Release|Any CPU
	EndGlobalSection
	GlobalSection(ProjectConfigurationPlatforms) = postSolution
		{07424157-2F3B-4AEE-B1BE-C3864925BE3C}.Debug|Any CPU.ActiveCfg = Debug|Any CPU
		{07424157-2F3B-4AEE-B1BE-C3864925BE3C}.Debug|Any CPU.Build.0 = Debug|Any CPU
		{07424157-2F3B-4AEE-B1BE-C3864925BE3C}.Release|Any CPU.ActiveCfg = Release|Any CPU
		{07424157-2F3B-4AEE-B1BE-C3864925BE3C}.Release|Any CPU.Build.0 = Release|Any CPU
	EndGlobalSection
	GlobalSection(SolutionProperties) = preSolution
		HideSolutionNode = FALSE
	EndGlobalSection
	GlobalSection(ExtensibilityGlobals) = postSolution
		SolutionGuid = {56B4C90E-73D4-4E82-809B-0FCA8003E0A6}
	EndGlobalSection
EndGlobal
